
Microsoft Visual Studio Solution File, Format Version 12.00
# Visual Studio Version 17
VisualStudioVersion = 17.13.35919.96
MinimumVisualStudioVersion = 10.0.40219.1
Project("{FAE04EC0-301F-11D3-BF4B-00C04F79EFBC}") = "Data", "Data\Data.csproj", "{E6B6CF39-9F0E-40DC-A0F5-1ABEB743BCDB}"
EndProject
Project("{FAE04EC0-301F-11D3-BF4B-00C04F79EFBC}") = "Domain", "Domain\Domain.csproj", "{7024B11C-0176-49AA-88D0-B3607E200376}"
EndProject
Project("{FAE04EC0-301F-11D3-BF4B-00C04F79EFBC}") = "Business", "Business\Business.csproj", "{09A6027F-8416-444D-A0EB-695590BF449C}"
EndProject
Project("{FAE04EC0-301F-11D3-BF4B-00C04F79EFBC}") = "Presentation.AzureFunctions", "Presentation.AzureFunctions\Presentation.AzureFunctions.csproj", "{2D219E40-113B-4AC1-93EC-03BCE20154FA}"
EndProject
Project("{FAE04EC0-301F-11D3-BF4B-00C04F79EFBC}") = "WebApi", "WebApi\WebApi.csproj", "{7708385D-0546-4C10-B476-308C442692A3}"
EndProject
Project("{FAE04EC0-301F-11D3-BF4B-00C04F79EFBC}") = "Business_Tests", "Business_Tests\Business_Tests.csproj", "{16C06092-0689-44A7-87B7-E2F523C3BE03}"
EndProject
Project("{FAE04EC0-301F-11D3-BF4B-00C04F79EFBC}") = "Data_Tests", "Data_Tests\Data_Tests.csproj", "{682A3BC5-5CFD-4F6F-8D26-07D01F98527B}"
EndProject
Global
	GlobalSection(SolutionConfigurationPlatforms) = preSolution
		Debug|Any CPU = Debug|Any CPU
		Release|Any CPU = Release|Any CPU
	EndGlobalSection
	GlobalSection(ProjectConfigurationPlatforms) = postSolution
		{E6B6CF39-9F0E-40DC-A0F5-1ABEB743BCDB}.Debug|Any CPU.ActiveCfg = Debug|Any CPU
		{E6B6CF39-9F0E-40DC-A0F5-1ABEB743BCDB}.Debug|Any CPU.Build.0 = Debug|Any CPU
		{E6B6CF39-9F0E-40DC-A0F5-1ABEB743BCDB}.Release|Any CPU.ActiveCfg = Release|Any CPU
		{E6B6CF39-9F0E-40DC-A0F5-1ABEB743BCDB}.Release|Any CPU.Build.0 = Release|Any CPU
		{7024B11C-0176-49AA-88D0-B3607E200376}.Debug|Any CPU.ActiveCfg = Debug|Any CPU
		{7024B11C-0176-49AA-88D0-B3607E200376}.Debug|Any CPU.Build.0 = Debug|Any CPU
		{7024B11C-0176-49AA-88D0-B3607E200376}.Release|Any CPU.ActiveCfg = Release|Any CPU
		{7024B11C-0176-49AA-88D0-B3607E200376}.Release|Any CPU.Build.0 = Release|Any CPU
		{09A6027F-8416-444D-A0EB-695590BF449C}.Debug|Any CPU.ActiveCfg = Debug|Any CPU
		{09A6027F-8416-444D-A0EB-695590BF449C}.Debug|Any CPU.Build.0 = Debug|Any CPU
		{09A6027F-8416-444D-A0EB-695590BF449C}.Release|Any CPU.ActiveCfg = Release|Any CPU
		{09A6027F-8416-444D-A0EB-695590BF449C}.Release|Any CPU.Build.0 = Release|Any CPU
		{2D219E40-113B-4AC1-93EC-03BCE20154FA}.Debug|Any CPU.ActiveCfg = Debug|Any CPU
		{2D219E40-113B-4AC1-93EC-03BCE20154FA}.Debug|Any CPU.Build.0 = Debug|Any CPU
		{2D219E40-113B-4AC1-93EC-03BCE20154FA}.Release|Any CPU.ActiveCfg = Release|Any CPU
		{2D219E40-113B-4AC1-93EC-03BCE20154FA}.Release|Any CPU.Build.0 = Release|Any CPU
		{7708385D-0546-4C10-B476-308C442692A3}.Debug|Any CPU.ActiveCfg = Debug|Any CPU
		{7708385D-0546-4C10-B476-308C442692A3}.Debug|Any CPU.Build.0 = Debug|Any CPU
		{7708385D-0546-4C10-B476-308C442692A3}.Release|Any CPU.ActiveCfg = Release|Any CPU
		{7708385D-0546-4C10-B476-308C442692A3}.Release|Any CPU.Build.0 = Release|Any CPU
		{16C06092-0689-44A7-87B7-E2F523C3BE03}.Debug|Any CPU.ActiveCfg = Debug|Any CPU
		{16C06092-0689-44A7-87B7-E2F523C3BE03}.Debug|Any CPU.Build.0 = Debug|Any CPU
		{16C06092-0689-44A7-87B7-E2F523C3BE03}.Release|Any CPU.ActiveCfg = Release|Any CPU
		{16C06092-0689-44A7-87B7-E2F523C3BE03}.Release|Any CPU.Build.0 = Release|Any CPU
		{682A3BC5-5CFD-4F6F-8D26-07D01F98527B}.Debug|Any CPU.ActiveCfg = Debug|Any CPU
		{682A3BC5-5CFD-4F6F-8D26-07D01F98527B}.Debug|Any CPU.Build.0 = Debug|Any CPU
		{682A3BC5-5CFD-4F6F-8D26-07D01F98527B}.Release|Any CPU.ActiveCfg = Release|Any CPU
		{682A3BC5-5CFD-4F6F-8D26-07D01F98527B}.Release|Any CPU.Build.0 = Release|Any CPU
	EndGlobalSection
	GlobalSection(SolutionProperties) = preSolution
		HideSolutionNode = FALSE
	EndGlobalSection
	GlobalSection(ExtensibilityGlobals) = postSolution
		SolutionGuid = {5F5DE50D-4620-4344-B282-04EC5495C5B2}
	EndGlobalSection
EndGlobal
